
Microsoft Visual Studio Solution File, Format Version 12.00
# Visual Studio Version 16
VisualStudioVersion = 16.0.30907.101
MinimumVisualStudioVersion = 10.0.40219.1
Project("{FAE04EC0-301F-11D3-BF4B-00C04F79EFBC}") = "FindAllValidPhoneNumbers", "FindAllValidPhoneNumbers\FindAllValidPhoneNumbers.csproj", "{5647B768-773D-4B5F-A51E-D75D46D65442}"
EndProject
Global
	GlobalSection(SolutionConfigurationPlatforms) = preSolution
		Debug|Any CPU = Debug|Any CPU
		Release|Any CPU = Release|Any CPU
	EndGlobalSection
	GlobalSection(ProjectConfigurationPlatforms) = postSolution
		{5647B768-773D-4B5F-A51E-D75D46D65442}.Debug|Any CPU.ActiveCfg = Debug|Any CPU
		{5647B768-773D-4B5F-A51E-D75D46D65442}.Debug|Any CPU.Build.0 = Debug|Any CPU
		{5647B768-773D-4B5F-A51E-D75D46D65442}.Release|Any CPU.ActiveCfg = Release|Any CPU
		{5647B768-773D-4B5F-A51E-D75D46D65442}.Release|Any CPU.Build.0 = Release|Any CPU
	EndGlobalSection
	GlobalSection(SolutionProperties) = preSolution
		HideSolutionNode = FALSE
	EndGlobalSection
	GlobalSection(ExtensibilityGlobals) = postSolution
		SolutionGuid = {4B955ED1-DAEF-445D-850A-4F3E1E5AE13B}
	EndGlobalSection
EndGlobal
